
Microsoft Visual Studio Solution File, Format Version 12.00
# Visual Studio Version 17
VisualStudioVersion = 17.2.32616.157
MinimumVisualStudioVersion = 10.0.40219.1
Project("{9A19103F-16F7-4668-BE54-9A1E7A4F7556}") = "FirstWeb.Api", "FirstWeb.Api\FirstWeb.Api.csproj", "{DCA18B98-AC50-4253-8038-F0DFCB937EBE}"
EndProject
Global
	GlobalSection(SolutionConfigurationPlatforms) = preSolution
		Debug|Any CPU = Debug|Any CPU
		Release|Any CPU = Release|Any CPU
	EndGlobalSection
	GlobalSection(ProjectConfigurationPlatforms) = postSolution
		{DCA18B98-AC50-4253-8038-F0DFCB937EBE}.Debug|Any CPU.ActiveCfg = Debug|Any CPU
		{DCA18B98-AC50-4253-8038-F0DFCB937EBE}.Debug|Any CPU.Build.0 = Debug|Any CPU
		{DCA18B98-AC50-4253-8038-F0DFCB937EBE}.Release|Any CPU.ActiveCfg = Release|Any CPU
		{DCA18B98-AC50-4253-8038-F0DFCB937EBE}.Release|Any CPU.Build.0 = Release|Any CPU
	EndGlobalSection
	GlobalSection(SolutionProperties) = preSolution
		HideSolutionNode = FALSE
	EndGlobalSection
	GlobalSection(ExtensibilityGlobals) = postSolution
		SolutionGuid = {F97DD3A5-C1B6-49C0-BEDA-6393D9BE1BF7}
	EndGlobalSection
EndGlobal
